// !$*UTF8*$!
{
	archiveVersion = 1;
	classes = {
	};
	objectVersion = 56;
	objects = {

/* Begin PBXBuildFile section */
		B74540F22AAF4979001959EA /* NavigationPoppedDelegate.swift in Sources */ = {isa = PBXBuildFile; fileRef = B74540F12AAF4979001959EA /* NavigationPoppedDelegate.swift */; };
		B74540F42AB028EA001959EA /* Notification+Name.swift in Sources */ = {isa = PBXBuildFile; fileRef = B74540F32AB028EA001959EA /* Notification+Name.swift */; };
		B74540F62AB17989001959EA /* MyNavigationController.swift in Sources */ = {isa = PBXBuildFile; fileRef = B74540F52AB17989001959EA /* MyNavigationController.swift */; };
		B74541222AB343CB001959EA /* RxCocoa in Frameworks */ = {isa = PBXBuildFile; productRef = B74541212AB343CB001959EA /* RxCocoa */; };
		B74541242AB343CB001959EA /* RxRelay in Frameworks */ = {isa = PBXBuildFile; productRef = B74541232AB343CB001959EA /* RxRelay */; };
		B74541262AB343CB001959EA /* RxSwift in Frameworks */ = {isa = PBXBuildFile; productRef = B74541252AB343CB001959EA /* RxSwift */; };
		B79E864C2A9C6C0000E9D1B7 /* AppDelegate.swift in Sources */ = {isa = PBXBuildFile; fileRef = B79E864B2A9C6C0000E9D1B7 /* AppDelegate.swift */; };
		B79E864E2A9C6C0000E9D1B7 /* SceneDelegate.swift in Sources */ = {isa = PBXBuildFile; fileRef = B79E864D2A9C6C0000E9D1B7 /* SceneDelegate.swift */; };
		B79E86502A9C6C0000E9D1B7 /* FirstVC.swift in Sources */ = {isa = PBXBuildFile; fileRef = B79E864F2A9C6C0000E9D1B7 /* FirstVC.swift */; };
		B79E86532A9C6C0000E9D1B7 /* Main.storyboard in Resources */ = {isa = PBXBuildFile; fileRef = B79E86512A9C6C0000E9D1B7 /* Main.storyboard */; };
		B79E86552A9C6C0100E9D1B7 /* Assets.xcassets in Resources */ = {isa = PBXBuildFile; fileRef = B79E86542A9C6C0100E9D1B7 /* Assets.xcassets */; };
		B79E86582A9C6C0100E9D1B7 /* LaunchScreen.storyboard in Resources */ = {isa = PBXBuildFile; fileRef = B79E86562A9C6C0100E9D1B7 /* LaunchScreen.storyboard */; };
		B79E867A2A9C7CEA00E9D1B7 /* DetailVC.swift in Sources */ = {isa = PBXBuildFile; fileRef = B79E86792A9C7CEA00E9D1B7 /* DetailVC.swift */; };
		B79E867C2A9C888100E9D1B7 /* DetailVC.storyboard in Resources */ = {isa = PBXBuildFile; fileRef = B79E867B2A9C888100E9D1B7 /* DetailVC.storyboard */; };
		B79E867E2A9C89E600E9D1B7 /* SecondVC.storyboard in Resources */ = {isa = PBXBuildFile; fileRef = B79E867D2A9C89E600E9D1B7 /* SecondVC.storyboard */; };
		B79E86802A9C8A7A00E9D1B7 /* ThirdVC.storyboard in Resources */ = {isa = PBXBuildFile; fileRef = B79E867F2A9C8A7A00E9D1B7 /* ThirdVC.storyboard */; };
		B79E86822A9C8B0000E9D1B7 /* SecondVC.swift in Sources */ = {isa = PBXBuildFile; fileRef = B79E86812A9C8B0000E9D1B7 /* SecondVC.swift */; };
		B79E86842A9CB7DA00E9D1B7 /* ThirdVC.swift in Sources */ = {isa = PBXBuildFile; fileRef = B79E86832A9CB7DA00E9D1B7 /* ThirdVC.swift */; };
		B7EEAD8E2AA9908D0046FDB0 /* NavigationButton.swift in Sources */ = {isa = PBXBuildFile; fileRef = B7EEAD8D2AA9908D0046FDB0 /* NavigationButton.swift */; };
		B7EEAD902AAB34EA0046FDB0 /* FourthVC.swift in Sources */ = {isa = PBXBuildFile; fileRef = B7EEAD8F2AAB34EA0046FDB0 /* FourthVC.swift */; };
		B7EEAD922AAB35250046FDB0 /* FourthVC.xib in Resources */ = {isa = PBXBuildFile; fileRef = B7EEAD912AAB35250046FDB0 /* FourthVC.xib */; };
		B7EEAD942AAB36250046FDB0 /* FifthVC.swift in Sources */ = {isa = PBXBuildFile; fileRef = B7EEAD932AAB36250046FDB0 /* FifthVC.swift */; };
		B7EEAD962AAB49720046FDB0 /* UINavigationController+Ext.swift in Sources */ = {isa = PBXBuildFile; fileRef = B7EEAD952AAB49720046FDB0 /* UINavigationController+Ext.swift */; };
/* End PBXBuildFile section */

/* Begin PBXFileReference section */
		B74540F12AAF4979001959EA /* NavigationPoppedDelegate.swift */ = {isa = PBXFileReference; lastKnownFileType = sourcecode.swift; path = NavigationPoppedDelegate.swift; sourceTree = "<group>"; };
		B74540F32AB028EA001959EA /* Notification+Name.swift */ = {isa = PBXFileReference; lastKnownFileType = sourcecode.swift; path = "Notification+Name.swift"; sourceTree = "<group>"; };
		B74540F52AB17989001959EA /* MyNavigationController.swift */ = {isa = PBXFileReference; lastKnownFileType = sourcecode.swift; path = MyNavigationController.swift; sourceTree = "<group>"; };
		B79E86482A9C6C0000E9D1B7 /* Navigation-tutorial.app */ = {isa = PBXFileReference; explicitFileType = wrapper.application; includeInIndex = 0; path = "Navigation-tutorial.app"; sourceTree = BUILT_PRODUCTS_DIR; };
		B79E864B2A9C6C0000E9D1B7 /* AppDelegate.swift */ = {isa = PBXFileReference; lastKnownFileType = sourcecode.swift; path = AppDelegate.swift; sourceTree = "<group>"; };
		B79E864D2A9C6C0000E9D1B7 /* SceneDelegate.swift */ = {isa = PBXFileReference; lastKnownFileType = sourcecode.swift; path = SceneDelegate.swift; sourceTree = "<group>"; };
		B79E864F2A9C6C0000E9D1B7 /* FirstVC.swift */ = {isa = PBXFileReference; lastKnownFileType = sourcecode.swift; path = FirstVC.swift; sourceTree = "<group>"; };
		B79E86522A9C6C0000E9D1B7 /* Base */ = {isa = PBXFileReference; lastKnownFileType = file.storyboard; name = Base; path = Base.lproj/Main.storyboard; sourceTree = "<group>"; };
		B79E86542A9C6C0100E9D1B7 /* Assets.xcassets */ = {isa = PBXFileReference; lastKnownFileType = folder.assetcatalog; path = Assets.xcassets; sourceTree = "<group>"; };
		B79E86572A9C6C0100E9D1B7 /* Base */ = {isa = PBXFileReference; lastKnownFileType = file.storyboard; name = Base; path = Base.lproj/LaunchScreen.storyboard; sourceTree = "<group>"; };
		B79E86592A9C6C0100E9D1B7 /* Info.plist */ = {isa = PBXFileReference; lastKnownFileType = text.plist.xml; path = Info.plist; sourceTree = "<group>"; };
		B79E86792A9C7CEA00E9D1B7 /* DetailVC.swift */ = {isa = PBXFileReference; lastKnownFileType = sourcecode.swift; path = DetailVC.swift; sourceTree = "<group>"; };
		B79E867B2A9C888100E9D1B7 /* DetailVC.storyboard */ = {isa = PBXFileReference; lastKnownFileType = file.storyboard; path = DetailVC.storyboard; sourceTree = "<group>"; };
		B79E867D2A9C89E600E9D1B7 /* SecondVC.storyboard */ = {isa = PBXFileReference; lastKnownFileType = file.storyboard; path = SecondVC.storyboard; sourceTree = "<group>"; };
		B79E867F2A9C8A7A00E9D1B7 /* ThirdVC.storyboard */ = {isa = PBXFileReference; lastKnownFileType = file.storyboard; path = ThirdVC.storyboard; sourceTree = "<group>"; };
		B79E86812A9C8B0000E9D1B7 /* SecondVC.swift */ = {isa = PBXFileReference; lastKnownFileType = sourcecode.swift; path = SecondVC.swift; sourceTree = "<group>"; };
		B79E86832A9CB7DA00E9D1B7 /* ThirdVC.swift */ = {isa = PBXFileReference; lastKnownFileType = sourcecode.swift; path = ThirdVC.swift; sourceTree = "<group>"; };
		B7EEAD8D2AA9908D0046FDB0 /* NavigationButton.swift */ = {isa = PBXFileReference; lastKnownFileType = sourcecode.swift; path = NavigationButton.swift; sourceTree = "<group>"; };
		B7EEAD8F2AAB34EA0046FDB0 /* FourthVC.swift */ = {isa = PBXFileReference; lastKnownFileType = sourcecode.swift; path = FourthVC.swift; sourceTree = "<group>"; };
		B7EEAD912AAB35250046FDB0 /* FourthVC.xib */ = {isa = PBXFileReference; lastKnownFileType = file.xib; path = FourthVC.xib; sourceTree = "<group>"; };
		B7EEAD932AAB36250046FDB0 /* FifthVC.swift */ = {isa = PBXFileReference; lastKnownFileType = sourcecode.swift; path = FifthVC.swift; sourceTree = "<group>"; };
		B7EEAD952AAB49720046FDB0 /* UINavigationController+Ext.swift */ = {isa = PBXFileReference; lastKnownFileType = sourcecode.swift; path = "UINavigationController+Ext.swift"; sourceTree = "<group>"; };
/* End PBXFileReference section */

/* Begin PBXFrameworksBuildPhase section */
		B79E86452A9C6C0000E9D1B7 /* Frameworks */ = {
			isa = PBXFrameworksBuildPhase;
			buildActionMask = 2147483647;
			files = (
				B74541262AB343CB001959EA /* RxSwift in Frameworks */,
				B74541242AB343CB001959EA /* RxRelay in Frameworks */,
				B74541222AB343CB001959EA /* RxCocoa in Frameworks */,
			);
			runOnlyForDeploymentPostprocessing = 0;
		};
/* End PBXFrameworksBuildPhase section */

/* Begin PBXGroup section */
		B79E863F2A9C6C0000E9D1B7 = {
			isa = PBXGroup;
			children = (
				B79E864A2A9C6C0000E9D1B7 /* Navigation-tutorial */,
				B79E86492A9C6C0000E9D1B7 /* Products */,
			);
			sourceTree = "<group>";
		};
		B79E86492A9C6C0000E9D1B7 /* Products */ = {
			isa = PBXGroup;
			children = (
				B79E86482A9C6C0000E9D1B7 /* Navigation-tutorial.app */,
			);
			name = Products;
			sourceTree = "<group>";
		};
		B79E864A2A9C6C0000E9D1B7 /* Navigation-tutorial */ = {
			isa = PBXGroup;
			children = (
				B79E864B2A9C6C0000E9D1B7 /* AppDelegate.swift */,
				B79E864D2A9C6C0000E9D1B7 /* SceneDelegate.swift */,
				B79E864F2A9C6C0000E9D1B7 /* FirstVC.swift */,
				B79E86512A9C6C0000E9D1B7 /* Main.storyboard */,
				B79E86792A9C7CEA00E9D1B7 /* DetailVC.swift */,
				B79E867B2A9C888100E9D1B7 /* DetailVC.storyboard */,
				B79E86812A9C8B0000E9D1B7 /* SecondVC.swift */,
				B79E867D2A9C89E600E9D1B7 /* SecondVC.storyboard */,
				B79E86832A9CB7DA00E9D1B7 /* ThirdVC.swift */,
				B79E867F2A9C8A7A00E9D1B7 /* ThirdVC.storyboard */,
				B7EEAD8F2AAB34EA0046FDB0 /* FourthVC.swift */,
				B7EEAD912AAB35250046FDB0 /* FourthVC.xib */,
				B7EEAD932AAB36250046FDB0 /* FifthVC.swift */,
				B79E86542A9C6C0100E9D1B7 /* Assets.xcassets */,
				B79E86562A9C6C0100E9D1B7 /* LaunchScreen.storyboard */,
				B79E86592A9C6C0100E9D1B7 /* Info.plist */,
				B7EEAD8D2AA9908D0046FDB0 /* NavigationButton.swift */,
				B7EEAD952AAB49720046FDB0 /* UINavigationController+Ext.swift */,
				B74540F12AAF4979001959EA /* NavigationPoppedDelegate.swift */,
				B74540F32AB028EA001959EA /* Notification+Name.swift */,
				B74540F52AB17989001959EA /* MyNavigationController.swift */,
			);
			path = "Navigation-tutorial";
			sourceTree = "<group>";
		};
/* End PBXGroup section */

/* Begin PBXNativeTarget section */
		B79E86472A9C6C0000E9D1B7 /* Navigation-tutorial */ = {
			isa = PBXNativeTarget;
			buildConfigurationList = B79E865C2A9C6C0100E9D1B7 /* Build configuration list for PBXNativeTarget "Navigation-tutorial" */;
			buildPhases = (
				B79E86442A9C6C0000E9D1B7 /* Sources */,
				B79E86452A9C6C0000E9D1B7 /* Frameworks */,
				B79E86462A9C6C0000E9D1B7 /* Resources */,
			);
			buildRules = (
			);
			dependencies = (
			);
			name = "Navigation-tutorial";
			packageProductDependencies = (
				B74541212AB343CB001959EA /* RxCocoa */,
				B74541232AB343CB001959EA /* RxRelay */,
				B74541252AB343CB001959EA /* RxSwift */,
			);
			productName = "Navigation-tutorial";
			productReference = B79E86482A9C6C0000E9D1B7 /* Navigation-tutorial.app */;
			productType = "com.apple.product-type.application";
		};
/* End PBXNativeTarget section */

/* Begin PBXProject section */
		B79E86402A9C6C0000E9D1B7 /* Project object */ = {
			isa = PBXProject;
			attributes = {
				BuildIndependentTargetsInParallel = 1;
				LastSwiftUpdateCheck = 1430;
				LastUpgradeCheck = 1430;
				TargetAttributes = {
					B79E86472A9C6C0000E9D1B7 = {
						CreatedOnToolsVersion = 14.3.1;
					};
				};
			};
			buildConfigurationList = B79E86432A9C6C0000E9D1B7 /* Build configuration list for PBXProject "Navigation-tutorial" */;
			compatibilityVersion = "Xcode 14.0";
			developmentRegion = en;
			hasScannedForEncodings = 0;
			knownRegions = (
				en,
				Base,
			);
			mainGroup = B79E863F2A9C6C0000E9D1B7;
			packageReferences = (
				B74541202AB343CB001959EA /* XCRemoteSwiftPackageReference "RxSwift" */,
			);
			productRefGroup = B79E86492A9C6C0000E9D1B7 /* Products */;
			projectDirPath = "";
			projectRoot = "";
			targets = (
				B79E86472A9C6C0000E9D1B7 /* Navigation-tutorial */,
			);
		};
/* End PBXProject section */

/* Begin PBXResourcesBuildPhase section */
		B79E86462A9C6C0000E9D1B7 /* Resources */ = {
			isa = PBXResourcesBuildPhase;
			buildActionMask = 2147483647;
			files = (
				B7EEAD922AAB35250046FDB0 /* FourthVC.xib in Resources */,
				B79E86582A9C6C0100E9D1B7 /* LaunchScreen.storyboard in Resources */,
				B79E86802A9C8A7A00E9D1B7 /* ThirdVC.storyboard in Resources */,
				B79E867E2A9C89E600E9D1B7 /* SecondVC.storyboard in Resources */,
				B79E86552A9C6C0100E9D1B7 /* Assets.xcassets in Resources */,
				B79E867C2A9C888100E9D1B7 /* DetailVC.storyboard in Resources */,
				B79E86532A9C6C0000E9D1B7 /* Main.storyboard in Resources */,
			);
			runOnlyForDeploymentPostprocessing = 0;
		};
/* End PBXResourcesBuildPhase section */

/* Begin PBXSourcesBuildPhase section */
		B79E86442A9C6C0000E9D1B7 /* Sources */ = {
			isa = PBXSourcesBuildPhase;
			buildActionMask = 2147483647;
			files = (
				B7EEAD8E2AA9908D0046FDB0 /* NavigationButton.swift in Sources */,
				B74540F22AAF4979001959EA /* NavigationPoppedDelegate.swift in Sources */,
				B79E86842A9CB7DA00E9D1B7 /* ThirdVC.swift in Sources */,
				B7EEAD902AAB34EA0046FDB0 /* FourthVC.swift in Sources */,
				B79E86502A9C6C0000E9D1B7 /* FirstVC.swift in Sources */,
				B74540F42AB028EA001959EA /* Notification+Name.swift in Sources */,
				B79E86822A9C8B0000E9D1B7 /* SecondVC.swift in Sources */,
				B79E867A2A9C7CEA00E9D1B7 /* DetailVC.swift in Sources */,
				B74540F62AB17989001959EA /* MyNavigationController.swift in Sources */,
				B7EEAD962AAB49720046FDB0 /* UINavigationController+Ext.swift in Sources */,
				B79E864C2A9C6C0000E9D1B7 /* AppDelegate.swift in Sources */,
				B79E864E2A9C6C0000E9D1B7 /* SceneDelegate.swift in Sources */,
				B7EEAD942AAB36250046FDB0 /* FifthVC.swift in Sources */,
			);
			runOnlyForDeploymentPostprocessing = 0;
		};
/* End PBXSourcesBuildPhase section */

/* Begin PBXVariantGroup section */
		B79E86512A9C6C0000E9D1B7 /* Main.storyboard */ = {
			isa = PBXVariantGroup;
			children = (
				B79E86522A9C6C0000E9D1B7 /* Base */,
			);
			name = Main.storyboard;
			sourceTree = "<group>";
		};
		B79E86562A9C6C0100E9D1B7 /* LaunchScreen.storyboard */ = {
			isa = PBXVariantGroup;
			children = (
				B79E86572A9C6C0100E9D1B7 /* Base */,
			);
			name = LaunchScreen.storyboard;
			sourceTree = "<group>";
		};
/* End PBXVariantGroup section */

/* Begin XCBuildConfiguration section */
		B79E865A2A9C6C0100E9D1B7 /* Debug */ = {
			isa = XCBuildConfiguration;
			buildSettings = {
				ALWAYS_SEARCH_USER_PATHS = NO;
				CLANG_ANALYZER_NONNULL = YES;
				CLANG_ANALYZER_NUMBER_OBJECT_CONVERSION = YES_AGGRESSIVE;
				CLANG_CXX_LANGUAGE_STANDARD = "gnu++20";
				CLANG_ENABLE_MODULES = YES;
				CLANG_ENABLE_OBJC_ARC = YES;
				CLANG_ENABLE_OBJC_WEAK = YES;
				CLANG_WARN_BLOCK_CAPTURE_AUTORELEASING = YES;
				CLANG_WARN_BOOL_CONVERSION = YES;
				CLANG_WARN_COMMA = YES;
				CLANG_WARN_CONSTANT_CONVERSION = YES;
				CLANG_WARN_DEPRECATED_OBJC_IMPLEMENTATIONS = YES;
				CLANG_WARN_DIRECT_OBJC_ISA_USAGE = YES_ERROR;
				CLANG_WARN_DOCUMENTATION_COMMENTS = YES;
				CLANG_WARN_EMPTY_BODY = YES;
				CLANG_WARN_ENUM_CONVERSION = YES;
				CLANG_WARN_INFINITE_RECURSION = YES;
				CLANG_WARN_INT_CONVERSION = YES;
				CLANG_WARN_NON_LITERAL_NULL_CONVERSION = YES;
				CLANG_WARN_OBJC_IMPLICIT_RETAIN_SELF = YES;
				CLANG_WARN_OBJC_LITERAL_CONVERSION = YES;
				CLANG_WARN_OBJC_ROOT_CLASS = YES_ERROR;
				CLANG_WARN_QUOTED_INCLUDE_IN_FRAMEWORK_HEADER = YES;
				CLANG_WARN_RANGE_LOOP_ANALYSIS = YES;
				CLANG_WARN_STRICT_PROTOTYPES = YES;
				CLANG_WARN_SUSPICIOUS_MOVE = YES;
				CLANG_WARN_UNGUARDED_AVAILABILITY = YES_AGGRESSIVE;
				CLANG_WARN_UNREACHABLE_CODE = YES;
				CLANG_WARN__DUPLICATE_METHOD_MATCH = YES;
				COPY_PHASE_STRIP = NO;
				DEBUG_INFORMATION_FORMAT = dwarf;
				ENABLE_STRICT_OBJC_MSGSEND = YES;
				ENABLE_TESTABILITY = YES;
				GCC_C_LANGUAGE_STANDARD = gnu11;
				GCC_DYNAMIC_NO_PIC = NO;
				GCC_NO_COMMON_BLOCKS = YES;
				GCC_OPTIMIZATION_LEVEL = 0;
				GCC_PREPROCESSOR_DEFINITIONS = (
					"DEBUG=1",
					"$(inherited)",
				);
				GCC_WARN_64_TO_32_BIT_CONVERSION = YES;
				GCC_WARN_ABOUT_RETURN_TYPE = YES_ERROR;
				GCC_WARN_UNDECLARED_SELECTOR = YES;
				GCC_WARN_UNINITIALIZED_AUTOS = YES_AGGRESSIVE;
				GCC_WARN_UNUSED_FUNCTION = YES;
				GCC_WARN_UNUSED_VARIABLE = YES;
				IPHONEOS_DEPLOYMENT_TARGET = 16.4;
				MTL_ENABLE_DEBUG_INFO = INCLUDE_SOURCE;
				MTL_FAST_MATH = YES;
				ONLY_ACTIVE_ARCH = YES;
				SDKROOT = iphoneos;
				SWIFT_ACTIVE_COMPILATION_CONDITIONS = DEBUG;
				SWIFT_OPTIMIZATION_LEVEL = "-Onone";
			};
			name = Debug;
		};
		B79E865B2A9C6C0100E9D1B7 /* Release */ = {
			isa = XCBuildConfiguration;
			buildSettings = {
				ALWAYS_SEARCH_USER_PATHS = NO;
				CLANG_ANALYZER_NONNULL = YES;
				CLANG_ANALYZER_NUMBER_OBJECT_CONVERSION = YES_AGGRESSIVE;
				CLANG_CXX_LANGUAGE_STANDARD = "gnu++20";
				CLANG_ENABLE_MODULES = YES;
				CLANG_ENABLE_OBJC_ARC = YES;
				CLANG_ENABLE_OBJC_WEAK = YES;
				CLANG_WARN_BLOCK_CAPTURE_AUTORELEASING = YES;
				CLANG_WARN_BOOL_CONVERSION = YES;
				CLANG_WARN_COMMA = YES;
				CLANG_WARN_CONSTANT_CONVERSION = YES;
				CLANG_WARN_DEPRECATED_OBJC_IMPLEMENTATIONS = YES;
				CLANG_WARN_DIRECT_OBJC_ISA_USAGE = YES_ERROR;
				CLANG_WARN_DOCUMENTATION_COMMENTS = YES;
				CLANG_WARN_EMPTY_BODY = YES;
				CLANG_WARN_ENUM_CONVERSION = YES;
				CLANG_WARN_INFINITE_RECURSION = YES;
				CLANG_WARN_INT_CONVERSION = YES;
				CLANG_WARN_NON_LITERAL_NULL_CONVERSION = YES;
				CLANG_WARN_OBJC_IMPLICIT_RETAIN_SELF = YES;
				CLANG_WARN_OBJC_LITERAL_CONVERSION = YES;
				CLANG_WARN_OBJC_ROOT_CLASS = YES_ERROR;
				CLANG_WARN_QUOTED_INCLUDE_IN_FRAMEWORK_HEADER = YES;
				CLANG_WARN_RANGE_LOOP_ANALYSIS = YES;
				CLANG_WARN_STRICT_PROTOTYPES = YES;
				CLANG_WARN_SUSPICIOUS_MOVE = YES;
				CLANG_WARN_UNGUARDED_AVAILABILITY = YES_AGGRESSIVE;
				CLANG_WARN_UNREACHABLE_CODE = YES;
				CLANG_WARN__DUPLICATE_METHOD_MATCH = YES;
				COPY_PHASE_STRIP = NO;
				DEBUG_INFORMATION_FORMAT = "dwarf-with-dsym";
				ENABLE_NS_ASSERTIONS = NO;
				ENABLE_STRICT_OBJC_MSGSEND = YES;
				GCC_C_LANGUAGE_STANDARD = gnu11;
				GCC_NO_COMMON_BLOCKS = YES;
				GCC_WARN_64_TO_32_BIT_CONVERSION = YES;
				GCC_WARN_ABOUT_RETURN_TYPE = YES_ERROR;
				GCC_WARN_UNDECLARED_SELECTOR = YES;
				GCC_WARN_UNINITIALIZED_AUTOS = YES_AGGRESSIVE;
				GCC_WARN_UNUSED_FUNCTION = YES;
				GCC_WARN_UNUSED_VARIABLE = YES;
				IPHONEOS_DEPLOYMENT_TARGET = 16.4;
				MTL_ENABLE_DEBUG_INFO = NO;
				MTL_FAST_MATH = YES;
				SDKROOT = iphoneos;
				SWIFT_COMPILATION_MODE = wholemodule;
				SWIFT_OPTIMIZATION_LEVEL = "-O";
				VALIDATE_PRODUCT = YES;
			};
			name = Release;
		};
		B79E865D2A9C6C0100E9D1B7 /* Debug */ = {
			isa = XCBuildConfiguration;
			buildSettings = {
				ASSETCATALOG_COMPILER_APPICON_NAME = AppIcon;
				ASSETCATALOG_COMPILER_GLOBAL_ACCENT_COLOR_NAME = AccentColor;
				CODE_SIGN_STYLE = Automatic;
				CURRENT_PROJECT_VERSION = 1;
				DEVELOPMENT_TEAM = PVM8V4TM62;
				GENERATE_INFOPLIST_FILE = YES;
				INFOPLIST_FILE = "Navigation-tutorial/Info.plist";
				INFOPLIST_KEY_UIApplicationSupportsIndirectInputEvents = YES;
				INFOPLIST_KEY_UILaunchStoryboardName = LaunchScreen;
				INFOPLIST_KEY_UIMainStoryboardFile = Main;
				INFOPLIST_KEY_UISupportedInterfaceOrientations_iPad = "UIInterfaceOrientationPortrait UIInterfaceOrientationPortraitUpsideDown UIInterfaceOrientationLandscapeLeft UIInterfaceOrientationLandscapeRight";
				INFOPLIST_KEY_UISupportedInterfaceOrientations_iPhone = "UIInterfaceOrientationPortrait UIInterfaceOrientationLandscapeLeft UIInterfaceOrientationLandscapeRight";
				LD_RUNPATH_SEARCH_PATHS = (
					"$(inherited)",
					"@executable_path/Frameworks",
				);
				MARKETING_VERSION = 1.0;
				PRODUCT_BUNDLE_IDENTIFIER = "com.dhui.Navigation-tutorial";
				PRODUCT_NAME = "$(TARGET_NAME)";
				SWIFT_EMIT_LOC_STRINGS = YES;
				SWIFT_VERSION = 5.0;
				TARGETED_DEVICE_FAMILY = "1,2";
			};
			name = Debug;
		};
		B79E865E2A9C6C0100E9D1B7 /* Release */ = {
			isa = XCBuildConfiguration;
			buildSettings = {
				ASSETCATALOG_COMPILER_APPICON_NAME = AppIcon;
				ASSETCATALOG_COMPILER_GLOBAL_ACCENT_COLOR_NAME = AccentColor;
				CODE_SIGN_STYLE = Automatic;
				CURRENT_PROJECT_VERSION = 1;
				DEVELOPMENT_TEAM = PVM8V4TM62;
				GENERATE_INFOPLIST_FILE = YES;
				INFOPLIST_FILE = "Navigation-tutorial/Info.plist";
				INFOPLIST_KEY_UIApplicationSupportsIndirectInputEvents = YES;
				INFOPLIST_KEY_UILaunchStoryboardName = LaunchScreen;
				INFOPLIST_KEY_UIMainStoryboardFile = Main;
				INFOPLIST_KEY_UISupportedInterfaceOrientations_iPad = "UIInterfaceOrientationPortrait UIInterfaceOrientationPortraitUpsideDown UIInterfaceOrientationLandscapeLeft UIInterfaceOrientationLandscapeRight";
				INFOPLIST_KEY_UISupportedInterfaceOrientations_iPhone = "UIInterfaceOrientationPortrait UIInterfaceOrientationLandscapeLeft UIInterfaceOrientationLandscapeRight";
				LD_RUNPATH_SEARCH_PATHS = (
					"$(inherited)",
					"@executable_path/Frameworks",
				);
				MARKETING_VERSION = 1.0;
				PRODUCT_BUNDLE_IDENTIFIER = "com.dhui.Navigation-tutorial";
				PRODUCT_NAME = "$(TARGET_NAME)";
				SWIFT_EMIT_LOC_STRINGS = YES;
				SWIFT_VERSION = 5.0;
				TARGETED_DEVICE_FAMILY = "1,2";
			};
			name = Release;
		};
/* End XCBuildConfiguration section */

/* Begin XCConfigurationList section */
		B79E86432A9C6C0000E9D1B7 /* Build configuration list for PBXProject "Navigation-tutorial" */ = {
			isa = XCConfigurationList;
			buildConfigurations = (
				B79E865A2A9C6C0100E9D1B7 /* Debug */,
				B79E865B2A9C6C0100E9D1B7 /* Release */,
			);
			defaultConfigurationIsVisible = 0;
			defaultConfigurationName = Release;
		};
		B79E865C2A9C6C0100E9D1B7 /* Build configuration list for PBXNativeTarget "Navigation-tutorial" */ = {
			isa = XCConfigurationList;
			buildConfigurations = (
				B79E865D2A9C6C0100E9D1B7 /* Debug */,
				B79E865E2A9C6C0100E9D1B7 /* Release */,
			);
			defaultConfigurationIsVisible = 0;
			defaultConfigurationName = Release;
		};
/* End XCConfigurationList section */

/* Begin XCRemoteSwiftPackageReference section */
		B74541202AB343CB001959EA /* XCRemoteSwiftPackageReference "RxSwift" */ = {
			isa = XCRemoteSwiftPackageReference;
			repositoryURL = "https://github.com/ReactiveX/RxSwift.git";
			requirement = {
				branch = main;
				kind = branch;
			};
		};
/* End XCRemoteSwiftPackageReference section */

/* Begin XCSwiftPackageProductDependency section */
		B74541212AB343CB001959EA /* RxCocoa */ = {
			isa = XCSwiftPackageProductDependency;
			package = B74541202AB343CB001959EA /* XCRemoteSwiftPackageReference "RxSwift" */;
			productName = RxCocoa;
		};
		B74541232AB343CB001959EA /* RxRelay */ = {
			isa = XCSwiftPackageProductDependency;
			package = B74541202AB343CB001959EA /* XCRemoteSwiftPackageReference "RxSwift" */;
			productName = RxRelay;
		};
		B74541252AB343CB001959EA /* RxSwift */ = {
			isa = XCSwiftPackageProductDependency;
			package = B74541202AB343CB001959EA /* XCRemoteSwiftPackageReference "RxSwift" */;
			productName = RxSwift;
		};
/* End XCSwiftPackageProductDependency section */
	};
	rootObject = B79E86402A9C6C0000E9D1B7 /* Project object */;
}
